// !$*UTF8*$!
{
	archiveVersion = 1;
	classes = {
	};
	objectVersion = 77;
	objects = {

/* Begin PBXContainerItemProxy section */
		6251F7682D82CDF3004AE43C /* PBXContainerItemProxy */ = {
			isa = PBXContainerItemProxy;
			containerPortal = 6251F74F2D82CDF1004AE43C /* Project object */;
			proxyType = 1;
			remoteGlobalIDString = 6251F7562D82CDF1004AE43C;
			remoteInfo = "BeaconSyncAR-UWB-ARKit";
		};
		6251F7722D82CDF3004AE43C /* PBXContainerItemProxy */ = {
			isa = PBXContainerItemProxy;
			containerPortal = 6251F74F2D82CDF1004AE43C /* Project object */;
			proxyType = 1;
			remoteGlobalIDString = 6251F7562D82CDF1004AE43C;
			remoteInfo = "BeaconSyncAR-UWB-ARKit";
		};
/* End PBXContainerItemProxy section */

/* Begin PBXFileReference section */
		6251F7572D82CDF1004AE43C /* BeaconSyncAR-UWB-ARKit.app */ = {isa = PBXFileReference; explicitFileType = wrapper.application; includeInIndex = 0; path = "BeaconSyncAR-UWB-ARKit.app"; sourceTree = BUILT_PRODUCTS_DIR; };
		6251F7672D82CDF3004AE43C /* BeaconSyncAR-UWB-ARKitTests.xctest */ = {isa = PBXFileReference; explicitFileType = wrapper.cfbundle; includeInIndex = 0; path = "BeaconSyncAR-UWB-ARKitTests.xctest"; sourceTree = BUILT_PRODUCTS_DIR; };
		6251F7712D82CDF3004AE43C /* BeaconSyncAR-UWB-ARKitUITests.xctest */ = {isa = PBXFileReference; explicitFileType = wrapper.cfbundle; includeInIndex = 0; path = "BeaconSyncAR-UWB-ARKitUITests.xctest"; sourceTree = BUILT_PRODUCTS_DIR; };
/* End PBXFileReference section */

/* Begin PBXFileSystemSynchronizedBuildFileExceptionSet section */
		6251F7B72D82D70A004AE43C /* Exceptions for "BeaconSyncAR-UWB-ARKit" folder in "BeaconSyncAR-UWB-ARKit" target */ = {
			isa = PBXFileSystemSynchronizedBuildFileExceptionSet;
			membershipExceptions = (
				Info.plist,
			);
			target = 6251F7562D82CDF1004AE43C /* BeaconSyncAR-UWB-ARKit */;
		};
/* End PBXFileSystemSynchronizedBuildFileExceptionSet section */

/* Begin PBXFileSystemSynchronizedRootGroup section */
		6251F7592D82CDF1004AE43C /* BeaconSyncAR-UWB-ARKit */ = {
			isa = PBXFileSystemSynchronizedRootGroup;
			exceptions = (
				6251F7B72D82D70A004AE43C /* Exceptions for "BeaconSyncAR-UWB-ARKit" folder in "BeaconSyncAR-UWB-ARKit" target */,
			);
			path = "BeaconSyncAR-UWB-ARKit";
			sourceTree = "<group>";
		};
		6251F76A2D82CDF3004AE43C /* BeaconSyncAR-UWB-ARKitTests */ = {
			isa = PBXFileSystemSynchronizedRootGroup;
			path = "BeaconSyncAR-UWB-ARKitTests";
			sourceTree = "<group>";
		};
		6251F7742D82CDF3004AE43C /* BeaconSyncAR-UWB-ARKitUITests */ = {
			isa = PBXFileSystemSynchronizedRootGroup;
			path = "BeaconSyncAR-UWB-ARKitUITests";
			sourceTree = "<group>";
		};
/* End PBXFileSystemSynchronizedRootGroup section */

/* Begin PBXFrameworksBuildPhase section */
		6251F7542D82CDF1004AE43C /* Frameworks */ = {
			isa = PBXFrameworksBuildPhase;
			buildActionMask = 2147483647;
			files = (
			);
			runOnlyForDeploymentPostprocessing = 0;
		};
		6251F7642D82CDF3004AE43C /* Frameworks */ = {
			isa = PBXFrameworksBuildPhase;
			buildActionMask = 2147483647;
			files = (
			);
			runOnlyForDeploymentPostprocessing = 0;
		};
		6251F76E2D82CDF3004AE43C /* Frameworks */ = {
			isa = PBXFrameworksBuildPhase;
			buildActionMask = 2147483647;
			files = (
			);
			runOnlyForDeploymentPostprocessing = 0;
		};
/* End PBXFrameworksBuildPhase section */

/* Begin PBXGroup section */
		6251F74E2D82CDF1004AE43C = {
			isa = PBXGroup;
			children = (
				6251F7592D82CDF1004AE43C /* BeaconSyncAR-UWB-ARKit */,
				6251F76A2D82CDF3004AE43C /* BeaconSyncAR-UWB-ARKitTests */,
				6251F7742D82CDF3004AE43C /* BeaconSyncAR-UWB-ARKitUITests */,
				6251F7582D82CDF1004AE43C /* Products */,
			);
			sourceTree = "<group>";
		};
		6251F7582D82CDF1004AE43C /* Products */ = {
			isa = PBXGroup;
			children = (
				6251F7572D82CDF1004AE43C /* BeaconSyncAR-UWB-ARKit.app */,
				6251F7672D82CDF3004AE43C /* BeaconSyncAR-UWB-ARKitTests.xctest */,
				6251F7712D82CDF3004AE43C /* BeaconSyncAR-UWB-ARKitUITests.xctest */,
			);
			name = Products;
			sourceTree = "<group>";
		};
/* End PBXGroup section */

/* Begin PBXNativeTarget section */
		6251F7562D82CDF1004AE43C /* BeaconSyncAR-UWB-ARKit */ = {
			isa = PBXNativeTarget;
			buildConfigurationList = 6251F77B2D82CDF3004AE43C /* Build configuration list for PBXNativeTarget "BeaconSyncAR-UWB-ARKit" */;
			buildPhases = (
				6251F7532D82CDF1004AE43C /* Sources */,
				6251F7542D82CDF1004AE43C /* Frameworks */,
				6251F7552D82CDF1004AE43C /* Resources */,
			);
			buildRules = (
			);
			dependencies = (
			);
			fileSystemSynchronizedGroups = (
				6251F7592D82CDF1004AE43C /* BeaconSyncAR-UWB-ARKit */,
			);
			name = "BeaconSyncAR-UWB-ARKit";
			packageProductDependencies = (
			);
			productName = "BeaconSyncAR-UWB-ARKit";
			productReference = 6251F7572D82CDF1004AE43C /* BeaconSyncAR-UWB-ARKit.app */;
			productType = "com.apple.product-type.application";
		};
		6251F7662D82CDF3004AE43C /* BeaconSyncAR-UWB-ARKitTests */ = {
			isa = PBXNativeTarget;
			buildConfigurationList = 6251F77E2D82CDF3004AE43C /* Build configuration list for PBXNativeTarget "BeaconSyncAR-UWB-ARKitTests" */;
			buildPhases = (
				6251F7632D82CDF3004AE43C /* Sources */,
				6251F7642D82CDF3004AE43C /* Frameworks */,
				6251F7652D82CDF3004AE43C /* Resources */,
			);
			buildRules = (
			);
			dependencies = (
				6251F7692D82CDF3004AE43C /* PBXTargetDependency */,
			);
			fileSystemSynchronizedGroups = (
				6251F76A2D82CDF3004AE43C /* BeaconSyncAR-UWB-ARKitTests */,
			);
			name = "BeaconSyncAR-UWB-ARKitTests";
			packageProductDependencies = (
			);
			productName = "BeaconSyncAR-UWB-ARKitTests";
			productReference = 6251F7672D82CDF3004AE43C /* BeaconSyncAR-UWB-ARKitTests.xctest */;
			productType = "com.apple.product-type.bundle.unit-test";
		};
		6251F7702D82CDF3004AE43C /* BeaconSyncAR-UWB-ARKitUITests */ = {
			isa = PBXNativeTarget;
			buildConfigurationList = 6251F7812D82CDF3004AE43C /* Build configuration list for PBXNativeTarget "BeaconSyncAR-UWB-ARKitUITests" */;
			buildPhases = (
				6251F76D2D82CDF3004AE43C /* Sources */,
				6251F76E2D82CDF3004AE43C /* Frameworks */,
				6251F76F2D82CDF3004AE43C /* Resources */,
			);
			buildRules = (
			);
			dependencies = (
				6251F7732D82CDF3004AE43C /* PBXTargetDependency */,
			);
			fileSystemSynchronizedGroups = (
				6251F7742D82CDF3004AE43C /* BeaconSyncAR-UWB-ARKitUITests */,
			);
			name = "BeaconSyncAR-UWB-ARKitUITests";
			packageProductDependencies = (
			);
			productName = "BeaconSyncAR-UWB-ARKitUITests";
			productReference = 6251F7712D82CDF3004AE43C /* BeaconSyncAR-UWB-ARKitUITests.xctest */;
			productType = "com.apple.product-type.bundle.ui-testing";
		};
/* End PBXNativeTarget section */

/* Begin PBXProject section */
		6251F74F2D82CDF1004AE43C /* Project object */ = {
			isa = PBXProject;
			attributes = {
				BuildIndependentTargetsInParallel = 1;
				LastSwiftUpdateCheck = 1620;
				LastUpgradeCheck = 1620;
				TargetAttributes = {
					6251F7562D82CDF1004AE43C = {
						CreatedOnToolsVersion = 16.2;
					};
					6251F7662D82CDF3004AE43C = {
						CreatedOnToolsVersion = 16.2;
						TestTargetID = 6251F7562D82CDF1004AE43C;
					};
					6251F7702D82CDF3004AE43C = {
						CreatedOnToolsVersion = 16.2;
						TestTargetID = 6251F7562D82CDF1004AE43C;
					};
				};
			};
			buildConfigurationList = 6251F7522D82CDF1004AE43C /* Build configuration list for PBXProject "BeaconSyncAR-UWB-ARKit" */;
			developmentRegion = en;
			hasScannedForEncodings = 0;
			knownRegions = (
				en,
				Base,
			);
			mainGroup = 6251F74E2D82CDF1004AE43C;
			minimizedProjectReferenceProxies = 1;
			preferredProjectObjectVersion = 77;
			productRefGroup = 6251F7582D82CDF1004AE43C /* Products */;
			projectDirPath = "";
			projectRoot = "";
			targets = (
				6251F7562D82CDF1004AE43C /* BeaconSyncAR-UWB-ARKit */,
				6251F7662D82CDF3004AE43C /* BeaconSyncAR-UWB-ARKitTests */,
				6251F7702D82CDF3004AE43C /* BeaconSyncAR-UWB-ARKitUITests */,
			);
		};
/* End PBXProject section */

/* Begin PBXResourcesBuildPhase section */
		6251F7552D82CDF1004AE43C /* Resources */ = {
			isa = PBXResourcesBuildPhase;
			buildActionMask = 2147483647;
			files = (
			);
			runOnlyForDeploymentPostprocessing = 0;
		};
		6251F7652D82CDF3004AE43C /* Resources */ = {
			isa = PBXResourcesBuildPhase;
			buildActionMask = 2147483647;
			files = (
			);
			runOnlyForDeploymentPostprocessing = 0;
		};
		6251F76F2D82CDF3004AE43C /* Resources */ = {
			isa = PBXResourcesBuildPhase;
			buildActionMask = 2147483647;
			files = (
			);
			runOnlyForDeploymentPostprocessing = 0;
		};
/* End PBXResourcesBuildPhase section */

/* Begin PBXSourcesBuildPhase section */
		6251F7532D82CDF1004AE43C /* Sources */ = {
			isa = PBXSourcesBuildPhase;
			buildActionMask = 2147483647;
			files = (
			);
			runOnlyForDeploymentPostprocessing = 0;
		};
		6251F7632D82CDF3004AE43C /* Sources */ = {
			isa = PBXSourcesBuildPhase;
			buildActionMask = 2147483647;
			files = (
			);
			runOnlyForDeploymentPostprocessing = 0;
		};
		6251F76D2D82CDF3004AE43C /* Sources */ = {
			isa = PBXSourcesBuildPhase;
			buildActionMask = 2147483647;
			files = (
			);
			runOnlyForDeploymentPostprocessing = 0;
		};
/* End PBXSourcesBuildPhase section */

/* Begin PBXTargetDependency section */
		6251F7692D82CDF3004AE43C /* PBXTargetDependency */ = {
			isa = PBXTargetDependency;
			target = 6251F7562D82CDF1004AE43C /* BeaconSyncAR-UWB-ARKit */;
			targetProxy = 6251F7682D82CDF3004AE43C /* PBXContainerItemProxy */;
		};
		6251F7732D82CDF3004AE43C /* PBXTargetDependency */ = {
			isa = PBXTargetDependency;
			target = 6251F7562D82CDF1004AE43C /* BeaconSyncAR-UWB-ARKit */;
			targetProxy = 6251F7722D82CDF3004AE43C /* PBXContainerItemProxy */;
		};
/* End PBXTargetDependency section */

/* Begin XCBuildConfiguration section */
		6251F7792D82CDF3004AE43C /* Debug */ = {
			isa = XCBuildConfiguration;
			buildSettings = {
				ALWAYS_SEARCH_USER_PATHS = NO;
				ASSETCATALOG_COMPILER_GENERATE_SWIFT_ASSET_SYMBOL_EXTENSIONS = YES;
				CLANG_ANALYZER_NONNULL = YES;
				CLANG_ANALYZER_NUMBER_OBJECT_CONVERSION = YES_AGGRESSIVE;
				CLANG_CXX_LANGUAGE_STANDARD = "gnu++20";
				CLANG_ENABLE_MODULES = YES;
				CLANG_ENABLE_OBJC_ARC = YES;
				CLANG_ENABLE_OBJC_WEAK = YES;
				CLANG_WARN_BLOCK_CAPTURE_AUTORELEASING = YES;
				CLANG_WARN_BOOL_CONVERSION = YES;
				CLANG_WARN_COMMA = YES;
				CLANG_WARN_CONSTANT_CONVERSION = YES;
				CLANG_WARN_DEPRECATED_OBJC_IMPLEMENTATIONS = YES;
				CLANG_WARN_DIRECT_OBJC_ISA_USAGE = YES_ERROR;
				CLANG_WARN_DOCUMENTATION_COMMENTS = YES;
				CLANG_WARN_EMPTY_BODY = YES;
				CLANG_WARN_ENUM_CONVERSION = YES;
				CLANG_WARN_INFINITE_RECURSION = YES;
				CLANG_WARN_INT_CONVERSION = YES;
				CLANG_WARN_NON_LITERAL_NULL_CONVERSION = YES;
				CLANG_WARN_OBJC_IMPLICIT_RETAIN_SELF = YES;
				CLANG_WARN_OBJC_LITERAL_CONVERSION = YES;
				CLANG_WARN_OBJC_ROOT_CLASS = YES_ERROR;
				CLANG_WARN_QUOTED_INCLUDE_IN_FRAMEWORK_HEADER = YES;
				CLANG_WARN_RANGE_LOOP_ANALYSIS = YES;
				CLANG_WARN_STRICT_PROTOTYPES = YES;
				CLANG_WARN_SUSPICIOUS_MOVE = YES;
				CLANG_WARN_UNGUARDED_AVAILABILITY = YES_AGGRESSIVE;
				CLANG_WARN_UNREACHABLE_CODE = YES;
				CLANG_WARN__DUPLICATE_METHOD_MATCH = YES;
				COPY_PHASE_STRIP = NO;
				DEBUG_INFORMATION_FORMAT = dwarf;
				ENABLE_STRICT_OBJC_MSGSEND = YES;
				ENABLE_TESTABILITY = YES;
				ENABLE_USER_SCRIPT_SANDBOXING = YES;
				GCC_C_LANGUAGE_STANDARD = gnu17;
				GCC_DYNAMIC_NO_PIC = NO;
				GCC_NO_COMMON_BLOCKS = YES;
				GCC_OPTIMIZATION_LEVEL = 0;
				GCC_PREPROCESSOR_DEFINITIONS = (
					"DEBUG=1",
					"$(inherited)",
				);
				GCC_WARN_64_TO_32_BIT_CONVERSION = YES;
				GCC_WARN_ABOUT_RETURN_TYPE = YES_ERROR;
				GCC_WARN_UNDECLARED_SELECTOR = YES;
				GCC_WARN_UNINITIALIZED_AUTOS = YES_AGGRESSIVE;
				GCC_WARN_UNUSED_FUNCTION = YES;
				GCC_WARN_UNUSED_VARIABLE = YES;
				IPHONEOS_DEPLOYMENT_TARGET = 18.2;
				LOCALIZATION_PREFERS_STRING_CATALOGS = YES;
				MTL_ENABLE_DEBUG_INFO = INCLUDE_SOURCE;
				MTL_FAST_MATH = YES;
				ONLY_ACTIVE_ARCH = YES;
				SDKROOT = iphoneos;
				SWIFT_ACTIVE_COMPILATION_CONDITIONS = "DEBUG $(inherited)";
				SWIFT_OPTIMIZATION_LEVEL = "-Onone";
			};
			name = Debug;
		};
		6251F77A2D82CDF3004AE43C /* Release */ = {
			isa = XCBuildConfiguration;
			buildSettings = {
				ALWAYS_SEARCH_USER_PATHS = NO;
				ASSETCATALOG_COMPILER_GENERATE_SWIFT_ASSET_SYMBOL_EXTENSIONS = YES;
				CLANG_ANALYZER_NONNULL = YES;
				CLANG_ANALYZER_NUMBER_OBJECT_CONVERSION = YES_AGGRESSIVE;
				CLANG_CXX_LANGUAGE_STANDARD = "gnu++20";
				CLANG_ENABLE_MODULES = YES;
				CLANG_ENABLE_OBJC_ARC = YES;
				CLANG_ENABLE_OBJC_WEAK = YES;
				CLANG_WARN_BLOCK_CAPTURE_AUTORELEASING = YES;
				CLANG_WARN_BOOL_CONVERSION = YES;
				CLANG_WARN_COMMA = YES;
				CLANG_WARN_CONSTANT_CONVERSION = YES;
				CLANG_WARN_DEPRECATED_OBJC_IMPLEMENTATIONS = YES;
				CLANG_WARN_DIRECT_OBJC_ISA_USAGE = YES_ERROR;
				CLANG_WARN_DOCUMENTATION_COMMENTS = YES;
				CLANG_WARN_EMPTY_BODY = YES;
				CLANG_WARN_ENUM_CONVERSION = YES;
				CLANG_WARN_INFINITE_RECURSION = YES;
				CLANG_WARN_INT_CONVERSION = YES;
				CLANG_WARN_NON_LITERAL_NULL_CONVERSION = YES;
				CLANG_WARN_OBJC_IMPLICIT_RETAIN_SELF = YES;
				CLANG_WARN_OBJC_LITERAL_CONVERSION = YES;
				CLANG_WARN_OBJC_ROOT_CLASS = YES_ERROR;
				CLANG_WARN_QUOTED_INCLUDE_IN_FRAMEWORK_HEADER = YES;
				CLANG_WARN_RANGE_LOOP_ANALYSIS = YES;
				CLANG_WARN_STRICT_PROTOTYPES = YES;
				CLANG_WARN_SUSPICIOUS_MOVE = YES;
				CLANG_WARN_UNGUARDED_AVAILABILITY = YES_AGGRESSIVE;
				CLANG_WARN_UNREACHABLE_CODE = YES;
				CLANG_WARN__DUPLICATE_METHOD_MATCH = YES;
				COPY_PHASE_STRIP = NO;
				DEBUG_INFORMATION_FORMAT = "dwarf-with-dsym";
				ENABLE_NS_ASSERTIONS = NO;
				ENABLE_STRICT_OBJC_MSGSEND = YES;
				ENABLE_USER_SCRIPT_SANDBOXING = YES;
				GCC_C_LANGUAGE_STANDARD = gnu17;
				GCC_NO_COMMON_BLOCKS = YES;
				GCC_WARN_64_TO_32_BIT_CONVERSION = YES;
				GCC_WARN_ABOUT_RETURN_TYPE = YES_ERROR;
				GCC_WARN_UNDECLARED_SELECTOR = YES;
				GCC_WARN_UNINITIALIZED_AUTOS = YES_AGGRESSIVE;
				GCC_WARN_UNUSED_FUNCTION = YES;
				GCC_WARN_UNUSED_VARIABLE = YES;
				IPHONEOS_DEPLOYMENT_TARGET = 18.2;
				LOCALIZATION_PREFERS_STRING_CATALOGS = YES;
				MTL_ENABLE_DEBUG_INFO = NO;
				MTL_FAST_MATH = YES;
				SDKROOT = iphoneos;
				SWIFT_COMPILATION_MODE = wholemodule;
				VALIDATE_PRODUCT = YES;
			};
			name = Release;
		};
		6251F77C2D82CDF3004AE43C /* Debug */ = {
			isa = XCBuildConfiguration;
			buildSettings = {
				ASSETCATALOG_COMPILER_APPICON_NAME = AppIcon;
				ASSETCATALOG_COMPILER_GLOBAL_ACCENT_COLOR_NAME = AccentColor;
				CODE_SIGN_STYLE = Automatic;
				CURRENT_PROJECT_VERSION = 1;
				DEVELOPMENT_ASSET_PATHS = "\"BeaconSyncAR-UWB-ARKit/Preview Content\"";
				DEVELOPMENT_TEAM = U2S8Q8VES6;
				ENABLE_PREVIEWS = YES;
				GENERATE_INFOPLIST_FILE = YES;
				INFOPLIST_FILE = "BeaconSyncAR-UWB-ARKit/Info.plist";
				INFOPLIST_KEY_LSApplicationCategoryType = "";
				INFOPLIST_KEY_LSSupportsOpeningDocumentsInPlace = YES;
				INFOPLIST_KEY_NSBluetoothAlwaysUsageDescription = "Bluetooth is used to exchange Nearby Interaction configuration data with a connected accessory.";
				INFOPLIST_KEY_NSBluetoothPeripheralUsageDescription = "This app uses bluetooth to connect to a FiRa device, to exchange parameters and start UWB ranging";
				INFOPLIST_KEY_NSCameraUsageDescription = "";
				INFOPLIST_KEY_NSLocationWhenInUseUsageDescription = "We need your location to provide compass information.";
				INFOPLIST_KEY_NSNearbyInteractionUsageDescription = "Demonstrate the Nearby Interaction third-party accessory API with a Bluetooth connected accessory";
				INFOPLIST_KEY_UIApplicationSupportsIndirectInputEvents = YES;
				INFOPLIST_KEY_UILaunchScreen_Generation = YES;
				INFOPLIST_KEY_UIRequiredDeviceCapabilities = arkit;
				INFOPLIST_KEY_UIStatusBarHidden = YES;
				INFOPLIST_KEY_UISupportedInterfaceOrientations = UIInterfaceOrientationPortrait;
				INFOPLIST_KEY_UISupportedInterfaceOrientations_iPad = "UIInterfaceOrientationLandscapeLeft UIInterfaceOrientationLandscapeRight UIInterfaceOrientationPortrait UIInterfaceOrientationPortraitUpsideDown";
				LD_RUNPATH_SEARCH_PATHS = (
					"$(inherited)",
					"@executable_path/Frameworks",
				);
				MARKETING_VERSION = 1.0;
				PRODUCT_BUNDLE_IDENTIFIER = "MattJunk.BeaconSyncAR-UWB-ARKit";
				PRODUCT_NAME = "$(TARGET_NAME)";
				SWIFT_EMIT_LOC_STRINGS = YES;
				SWIFT_VERSION = 5.0;
				TARGETED_DEVICE_FAMILY = "1,2";
			};
			name = Debug;
		};
		6251F77D2D82CDF3004AE43C /* Release */ = {
			isa = XCBuildConfiguration;
			buildSettings = {
				ASSETCATALOG_COMPILER_APPICON_NAME = AppIcon;
				ASSETCATALOG_COMPILER_GLOBAL_ACCENT_COLOR_NAME = AccentColor;
				CODE_SIGN_STYLE = Automatic;
				CURRENT_PROJECT_VERSION = 1;
				DEVELOPMENT_ASSET_PATHS = "\"BeaconSyncAR-UWB-ARKit/Preview Content\"";
				DEVELOPMENT_TEAM = U2S8Q8VES6;
				ENABLE_PREVIEWS = YES;
				GENERATE_INFOPLIST_FILE = YES;
				INFOPLIST_FILE = "BeaconSyncAR-UWB-ARKit/Info.plist";
				INFOPLIST_KEY_LSApplicationCategoryType = "";
				INFOPLIST_KEY_LSSupportsOpeningDocumentsInPlace = YES;
				INFOPLIST_KEY_NSBluetoothAlwaysUsageDescription = "Bluetooth is used to exchange Nearby Interaction configuration data with a connected accessory.";
				INFOPLIST_KEY_NSBluetoothPeripheralUsageDescription = "This app uses bluetooth to connect to a FiRa device, to exchange parameters and start UWB ranging";
				INFOPLIST_KEY_NSCameraUsageDescription = "";
				INFOPLIST_KEY_NSLocationWhenInUseUsageDescription = "We need your location to provide compass information.";
				INFOPLIST_KEY_NSNearbyInteractionUsageDescription = "Demonstrate the Nearby Interaction third-party accessory API with a Bluetooth connected accessory";
				INFOPLIST_KEY_UIApplicationSupportsIndirectInputEvents = YES;
				INFOPLIST_KEY_UILaunchScreen_Generation = YES;
				INFOPLIST_KEY_UIRequiredDeviceCapabilities = arkit;
				INFOPLIST_KEY_UIStatusBarHidden = YES;
				INFOPLIST_KEY_UISupportedInterfaceOrientations = UIInterfaceOrientationPortrait;
				INFOPLIST_KEY_UISupportedInterfaceOrientations_iPad = "UIInterfaceOrientationLandscapeLeft UIInterfaceOrientationLandscapeRight UIInterfaceOrientationPortrait UIInterfaceOrientationPortraitUpsideDown";
				LD_RUNPATH_SEARCH_PATHS = (
					"$(inherited)",
					"@executable_path/Frameworks",
				);
				MARKETING_VERSION = 1.0;
				PRODUCT_BUNDLE_IDENTIFIER = "MattJunk.BeaconSyncAR-UWB-ARKit";
				PRODUCT_NAME = "$(TARGET_NAME)";
				SWIFT_EMIT_LOC_STRINGS = YES;
				SWIFT_VERSION = 5.0;
				TARGETED_DEVICE_FAMILY = "1,2";
			};
			name = Release;
		};
		6251F77F2D82CDF3004AE43C /* Debug */ = {
			isa = XCBuildConfiguration;
			buildSettings = {
				BUNDLE_LOADER = "$(TEST_HOST)";
				CODE_SIGN_STYLE = Automatic;
				CURRENT_PROJECT_VERSION = 1;
				DEVELOPMENT_TEAM = U2S8Q8VES6;
				GENERATE_INFOPLIST_FILE = YES;
				IPHONEOS_DEPLOYMENT_TARGET = 18.2;
				MARKETING_VERSION = 1.0;
				PRODUCT_BUNDLE_IDENTIFIER = "MattJunk.BeaconSyncAR-UWB-ARKitTests";
				PRODUCT_NAME = "$(TARGET_NAME)";
				SWIFT_EMIT_LOC_STRINGS = NO;
				SWIFT_VERSION = 5.0;
				TARGETED_DEVICE_FAMILY = "1,2";
				TEST_HOST = "$(BUILT_PRODUCTS_DIR)/BeaconSyncAR-UWB-ARKit.app/$(BUNDLE_EXECUTABLE_FOLDER_PATH)/BeaconSyncAR-UWB-ARKit";
			};
			name = Debug;
		};
		6251F7802D82CDF3004AE43C /* Release */ = {
			isa = XCBuildConfiguration;
			buildSettings = {
				BUNDLE_LOADER = "$(TEST_HOST)";
				CODE_SIGN_STYLE = Automatic;
				CURRENT_PROJECT_VERSION = 1;
				DEVELOPMENT_TEAM = U2S8Q8VES6;
				GENERATE_INFOPLIST_FILE = YES;
				IPHONEOS_DEPLOYMENT_TARGET = 18.2;
				MARKETING_VERSION = 1.0;
				PRODUCT_BUNDLE_IDENTIFIER = "MattJunk.BeaconSyncAR-UWB-ARKitTests";
				PRODUCT_NAME = "$(TARGET_NAME)";
				SWIFT_EMIT_LOC_STRINGS = NO;
				SWIFT_VERSION = 5.0;
				TARGETED_DEVICE_FAMILY = "1,2";
				TEST_HOST = "$(BUILT_PRODUCTS_DIR)/BeaconSyncAR-UWB-ARKit.app/$(BUNDLE_EXECUTABLE_FOLDER_PATH)/BeaconSyncAR-UWB-ARKit";
			};
			name = Release;
		};
		6251F7822D82CDF3004AE43C /* Debug */ = {
			isa = XCBuildConfiguration;
			buildSettings = {
				CODE_SIGN_STYLE = Automatic;
				CURRENT_PROJECT_VERSION = 1;
				DEVELOPMENT_TEAM = U2S8Q8VES6;
				GENERATE_INFOPLIST_FILE = YES;
				MARKETING_VERSION = 1.0;
				PRODUCT_BUNDLE_IDENTIFIER = "MattJunk.BeaconSyncAR-UWB-ARKitUITests";
				PRODUCT_NAME = "$(TARGET_NAME)";
				SWIFT_EMIT_LOC_STRINGS = NO;
				SWIFT_VERSION = 5.0;
				TARGETED_DEVICE_FAMILY = "1,2";
				TEST_TARGET_NAME = "BeaconSyncAR-UWB-ARKit";
			};
			name = Debug;
		};
		6251F7832D82CDF3004AE43C /* Release */ = {
			isa = XCBuildConfiguration;
			buildSettings = {
				CODE_SIGN_STYLE = Automatic;
				CURRENT_PROJECT_VERSION = 1;
				DEVELOPMENT_TEAM = U2S8Q8VES6;
				GENERATE_INFOPLIST_FILE = YES;
				MARKETING_VERSION = 1.0;
				PRODUCT_BUNDLE_IDENTIFIER = "MattJunk.BeaconSyncAR-UWB-ARKitUITests";
				PRODUCT_NAME = "$(TARGET_NAME)";
				SWIFT_EMIT_LOC_STRINGS = NO;
				SWIFT_VERSION = 5.0;
				TARGETED_DEVICE_FAMILY = "1,2";
				TEST_TARGET_NAME = "BeaconSyncAR-UWB-ARKit";
			};
			name = Release;
		};
/* End XCBuildConfiguration section */

/* Begin XCConfigurationList section */
		6251F7522D82CDF1004AE43C /* Build configuration list for PBXProject "BeaconSyncAR-UWB-ARKit" */ = {
			isa = XCConfigurationList;
			buildConfigurations = (
				6251F7792D82CDF3004AE43C /* Debug */,
				6251F77A2D82CDF3004AE43C /* Release */,
			);
			defaultConfigurationIsVisible = 0;
			defaultConfigurationName = Release;
		};
		6251F77B2D82CDF3004AE43C /* Build configuration list for PBXNativeTarget "BeaconSyncAR-UWB-ARKit" */ = {
			isa = XCConfigurationList;
			buildConfigurations = (
				6251F77C2D82CDF3004AE43C /* Debug */,
				6251F77D2D82CDF3004AE43C /* Release */,
			);
			defaultConfigurationIsVisible = 0;
			defaultConfigurationName = Release;
		};
		6251F77E2D82CDF3004AE43C /* Build configuration list for PBXNativeTarget "BeaconSyncAR-UWB-ARKitTests" */ = {
			isa = XCConfigurationList;
			buildConfigurations = (
				6251F77F2D82CDF3004AE43C /* Debug */,
				6251F7802D82CDF3004AE43C /* Release */,
			);
			defaultConfigurationIsVisible = 0;
			defaultConfigurationName = Release;
		};
		6251F7812D82CDF3004AE43C /* Build configuration list for PBXNativeTarget "BeaconSyncAR-UWB-ARKitUITests" */ = {
			isa = XCConfigurationList;
			buildConfigurations = (
				6251F7822D82CDF3004AE43C /* Debug */,
				6251F7832D82CDF3004AE43C /* Release */,
			);
			defaultConfigurationIsVisible = 0;
			defaultConfigurationName = Release;
		};
/* End XCConfigurationList section */
	};
	rootObject = 6251F74F2D82CDF1004AE43C /* Project object */;
}
